// !$*UTF8*$!
{
	archiveVersion = 1;
	classes = {
	};
	objectVersion = 50;
	objects = {

/* Begin PBXBuildFile section */
		CFBADDA921F8176700DFDE08 /* AppDelegate.m in Sources */ = {isa = PBXBuildFile; fileRef = CFBADDA821F8176700DFDE08 /* AppDelegate.m */; };
		CFBADDAC21F8176700DFDE08 /* ViewController.m in Sources */ = {isa = PBXBuildFile; fileRef = CFBADDAB21F8176700DFDE08 /* ViewController.m */; };
		CFBADDAF21F8176700DFDE08 /* Main.storyboard in Resources */ = {isa = PBXBuildFile; fileRef = CFBADDAD21F8176700DFDE08 /* Main.storyboard */; };
		CFBADDB121F8176700DFDE08 /* Assets.xcassets in Resources */ = {isa = PBXBuildFile; fileRef = CFBADDB021F8176700DFDE08 /* Assets.xcassets */; };
		CFBADDB421F8176700DFDE08 /* LaunchScreen.storyboard in Resources */ = {isa = PBXBuildFile; fileRef = CFBADDB221F8176700DFDE08 /* LaunchScreen.storyboard */; };
		CFBADDB721F8176700DFDE08 /* main.m in Sources */ = {isa = PBXBuildFile; fileRef = CFBADDB621F8176700DFDE08 /* main.m */; };
/* End PBXBuildFile section */

/* Begin PBXFileReference section */
		CFBADDA421F8176700DFDE08 /* xsyDemo.app */ = {isa = PBXFileReference; explicitFileType = wrapper.application; includeInIndex = 0; path = xsyDemo.app; sourceTree = BUILT_PRODUCTS_DIR; };
		CFBADDA721F8176700DFDE08 /* AppDelegate.h */ = {isa = PBXFileReference; lastKnownFileType = sourcecode.c.h; path = AppDelegate.h; sourceTree = "<group>"; };
		CFBADDA821F8176700DFDE08 /* AppDelegate.m */ = {isa = PBXFileReference; lastKnownFileType = sourcecode.c.objc; path = AppDelegate.m; sourceTree = "<group>"; };
		CFBADDAA21F8176700DFDE08 /* ViewController.h */ = {isa = PBXFileReference; lastKnownFileType = sourcecode.c.h; path = ViewController.h; sourceTree = "<group>"; };
		CFBADDAB21F8176700DFDE08 /* ViewController.m */ = {isa = PBXFileReference; lastKnownFileType = sourcecode.c.objc; path = ViewController.m; sourceTree = "<group>"; };
		CFBADDAE21F8176700DFDE08 /* Base */ = {isa = PBXFileReference; lastKnownFileType = file.storyboard; name = Base; path = Base.lproj/Main.storyboard; sourceTree = "<group>"; };
		CFBADDB021F8176700DFDE08 /* Assets.xcassets */ = {isa = PBXFileReference; lastKnownFileType = folder.assetcatalog; path = Assets.xcassets; sourceTree = "<group>"; };
		CFBADDB321F8176700DFDE08 /* Base */ = {isa = PBXFileReference; lastKnownFileType = file.storyboard; name = Base; path = Base.lproj/LaunchScreen.storyboard; sourceTree = "<group>"; };
		CFBADDB521F8176700DFDE08 /* Info.plist */ = {isa = PBXFileReference; lastKnownFileType = text.plist.xml; path = Info.plist; sourceTree = "<group>"; };
		CFBADDB621F8176700DFDE08 /* main.m */ = {isa = PBXFileReference; lastKnownFileType = sourcecode.c.objc; path = main.m; sourceTree = "<group>"; };
/* End PBXFileReference section */

/* Begin PBXFrameworksBuildPhase section */
		CFBADDA121F8176700DFDE08 /* Frameworks */ = {
			isa = PBXFrameworksBuildPhase;
			buildActionMask = 2147483647;
			files = (
			);
			runOnlyForDeploymentPostprocessing = 0;
		};
/* End PBXFrameworksBuildPhase section */

/* Begin PBXGroup section */
		CFBADD9B21F8176700DFDE08 = {
			isa = PBXGroup;
			children = (
				CFBADDA621F8176700DFDE08 /* xsyDemo */,
				CFBADDA521F8176700DFDE08 /* Products */,
			);
			sourceTree = "<group>";
		};
		CFBADDA521F8176700DFDE08 /* Products */ = {
			isa = PBXGroup;
			children = (
				CFBADDA421F8176700DFDE08 /* xsyDemo.app */,
			);
			name = Products;
			sourceTree = "<group>";
		};
		CFBADDA621F8176700DFDE08 /* xsyDemo */ = {
			isa = PBXGroup;
			children = (
				CFBADDA721F8176700DFDE08 /* AppDelegate.h */,
				CFBADDA821F8176700DFDE08 /* AppDelegate.m */,
				CFBADDAA21F8176700DFDE08 /* ViewController.h */,
				CFBADDAB21F8176700DFDE08 /* ViewController.m */,
				CFBADDAD21F8176700DFDE08 /* Main.storyboard */,
				CFBADDB021F8176700DFDE08 /* Assets.xcassets */,
				CFBADDB221F8176700DFDE08 /* LaunchScreen.storyboard */,
				CFBADDB521F8176700DFDE08 /* Info.plist */,
				CFBADDB621F8176700DFDE08 /* main.m */,
			);
			path = xsyDemo;
			sourceTree = "<group>";
		};
/* End PBXGroup section */

/* Begin PBXNativeTarget section */
		CFBADDA321F8176700DFDE08 /* xsyDemo */ = {
			isa = PBXNativeTarget;
			buildConfigurationList = CFBADDBA21F8176700DFDE08 /* Build configuration list for PBXNativeTarget "xsyDemo" */;
			buildPhases = (
				CFBADDA021F8176700DFDE08 /* Sources */,
				CFBADDA121F8176700DFDE08 /* Frameworks */,
				CFBADDA221F8176700DFDE08 /* Resources */,
			);
			buildRules = (
			);
			dependencies = (
			);
			name = xsyDemo;
			productName = xsyDemo;
			productReference = CFBADDA421F8176700DFDE08 /* xsyDemo.app */;
			productType = "com.apple.product-type.application";
		};
/* End PBXNativeTarget section */

/* Begin PBXProject section */
		CFBADD9C21F8176700DFDE08 /* Project object */ = {
			isa = PBXProject;
			attributes = {
				LastUpgradeCheck = 0940;
				ORGANIZATIONNAME = xiangshiyu;
				TargetAttributes = {
					CFBADDA321F8176700DFDE08 = {
						CreatedOnToolsVersion = 9.4.1;
					};
				};
			};
			buildConfigurationList = CFBADD9F21F8176700DFDE08 /* Build configuration list for PBXProject "xsyDemo" */;
			compatibilityVersion = "Xcode 9.3";
			developmentRegion = en;
			hasScannedForEncodings = 0;
			knownRegions = (
				en,
				Base,
			);
			mainGroup = CFBADD9B21F8176700DFDE08;
			productRefGroup = CFBADDA521F8176700DFDE08 /* Products */;
			projectDirPath = "";
			projectRoot = "";
			targets = (
				CFBADDA321F8176700DFDE08 /* xsyDemo */,
			);
		};
/* End PBXProject section */

/* Begin PBXResourcesBuildPhase section */
		CFBADDA221F8176700DFDE08 /* Resources */ = {
			isa = PBXResourcesBuildPhase;
			buildActionMask = 2147483647;
			files = (
				CFBADDB421F8176700DFDE08 /* LaunchScreen.storyboard in Resources */,
				CFBADDB121F8176700DFDE08 /* Assets.xcassets in Resources */,
				CFBADDAF21F8176700DFDE08 /* Main.storyboard in Resources */,
			);
			runOnlyForDeploymentPostprocessing = 0;
		};
/* End PBXResourcesBuildPhase section */

/* Begin PBXSourcesBuildPhase section */
		CFBADDA021F8176700DFDE08 /* Sources */ = {
			isa = PBXSourcesBuildPhase;
			buildActionMask = 2147483647;
			files = (
				CFBADDAC21F8176700DFDE08 /* ViewController.m in Sources */,
				CFBADDB721F8176700DFDE08 /* main.m in Sources */,
				CFBADDA921F8176700DFDE08 /* AppDelegate.m in Sources */,
			);
			runOnlyForDeploymentPostprocessing = 0;
		};
/* End PBXSourcesBuildPhase section */

/* Begin PBXVariantGroup section */
		CFBADDAD21F8176700DFDE08 /* Main.storyboard */ = {
			isa = PBXVariantGroup;
			children = (
				CFBADDAE21F8176700DFDE08 /* Base */,
			);
			name = Main.storyboard;
			sourceTree = "<group>";
		};
		CFBADDB221F8176700DFDE08 /* LaunchScreen.storyboard */ = {
			isa = PBXVariantGroup;
			children = (
				CFBADDB321F8176700DFDE08 /* Base */,
			);
			name = LaunchScreen.storyboard;
			sourceTree = "<group>";
		};
/* End PBXVariantGroup section */

/* Begin XCBuildConfiguration section */
		CFBADDB821F8176700DFDE08 /* Debug */ = {
			isa = XCBuildConfiguration;
			buildSettings = {
				ALWAYS_SEARCH_USER_PATHS = NO;
				CLANG_ANALYZER_NONNULL = YES;
				CLANG_ANALYZER_NUMBER_OBJECT_CONVERSION = YES_AGGRESSIVE;
				CLANG_CXX_LANGUAGE_STANDARD = "gnu++14";
				CLANG_CXX_LIBRARY = "libc++";
				CLANG_ENABLE_MODULES = YES;
				CLANG_ENABLE_OBJC_ARC = YES;
				CLANG_ENABLE_OBJC_WEAK = YES;
				CLANG_WARN_BLOCK_CAPTURE_AUTORELEASING = YES;
				CLANG_WARN_BOOL_CONVERSION = YES;
				CLANG_WARN_COMMA = YES;
				CLANG_WARN_CONSTANT_CONVERSION = YES;
				CLANG_WARN_DEPRECATED_OBJC_IMPLEMENTATIONS = YES;
				CLANG_WARN_DIRECT_OBJC_ISA_USAGE = YES_ERROR;
				CLANG_WARN_DOCUMENTATION_COMMENTS = YES;
				CLANG_WARN_EMPTY_BODY = YES;
				CLANG_WARN_ENUM_CONVERSION = YES;
				CLANG_WARN_INFINITE_RECURSION = YES;
				CLANG_WARN_INT_CONVERSION = YES;
				CLANG_WARN_NON_LITERAL_NULL_CONVERSION = YES;
				CLANG_WARN_OBJC_IMPLICIT_RETAIN_SELF = YES;
				CLANG_WARN_OBJC_LITERAL_CONVERSION = YES;
				CLANG_WARN_OBJC_ROOT_CLASS = YES_ERROR;
				CLANG_WARN_RANGE_LOOP_ANALYSIS = YES;
				CLANG_WARN_STRICT_PROTOTYPES = YES;
				CLANG_WARN_SUSPICIOUS_MOVE = YES;
				CLANG_WARN_UNGUARDED_AVAILABILITY = YES_AGGRESSIVE;
				CLANG_WARN_UNREACHABLE_CODE = YES;
				CLANG_WARN__DUPLICATE_METHOD_MATCH = YES;
				CODE_SIGN_IDENTITY = "iPhone Developer";
				COPY_PHASE_STRIP = NO;
				DEBUG_INFORMATION_FORMAT = dwarf;
				ENABLE_STRICT_OBJC_MSGSEND = YES;
				ENABLE_TESTABILITY = YES;
				GCC_C_LANGUAGE_STANDARD = gnu11;
				GCC_DYNAMIC_NO_PIC = NO;
				GCC_NO_COMMON_BLOCKS = YES;
				GCC_OPTIMIZATION_LEVEL = 0;
				GCC_PREPROCESSOR_DEFINITIONS = (
					"DEBUG=1",
					"$(inherited)",
				);
				GCC_WARN_64_TO_32_BIT_CONVERSION = YES;
				GCC_WARN_ABOUT_RETURN_TYPE = YES_ERROR;
				GCC_WARN_UNDECLARED_SELECTOR = YES;
				GCC_WARN_UNINITIALIZED_AUTOS = YES_AGGRESSIVE;
				GCC_WARN_UNUSED_FUNCTION = YES;
				GCC_WARN_UNUSED_VARIABLE = YES;
				IPHONEOS_DEPLOYMENT_TARGET = 11.4;
				MTL_ENABLE_DEBUG_INFO = YES;
				ONLY_ACTIVE_ARCH = YES;
				SDKROOT = iphoneos;
			};
			name = Debug;
		};
		CFBADDB921F8176700DFDE08 /* Release */ = {
			isa = XCBuildConfiguration;
			buildSettings = {
				ALWAYS_SEARCH_USER_PATHS = NO;
				CLANG_ANALYZER_NONNULL = YES;
				CLANG_ANALYZER_NUMBER_OBJECT_CONVERSION = YES_AGGRESSIVE;
				CLANG_CXX_LANGUAGE_STANDARD = "gnu++14";
				CLANG_CXX_LIBRARY = "libc++";
				CLANG_ENABLE_MODULES = YES;
				CLANG_ENABLE_OBJC_ARC = YES;
				CLANG_ENABLE_OBJC_WEAK = YES;
				CLANG_WARN_BLOCK_CAPTURE_AUTORELEASING = YES;
				CLANG_WARN_BOOL_CONVERSION = YES;
				CLANG_WARN_COMMA = YES;
				CLANG_WARN_CONSTANT_CONVERSION = YES;
				CLANG_WARN_DEPRECATED_OBJC_IMPLEMENTATIONS = YES;
				CLANG_WARN_DIRECT_OBJC_ISA_USAGE = YES_ERROR;
				CLANG_WARN_DOCUMENTATION_COMMENTS = YES;
				CLANG_WARN_EMPTY_BODY = YES;
				CLANG_WARN_ENUM_CONVERSION = YES;
				CLANG_WARN_INFINITE_RECURSION = YES;
				CLANG_WARN_INT_CONVERSION = YES;
				CLANG_WARN_NON_LITERAL_NULL_CONVERSION = YES;
				CLANG_WARN_OBJC_IMPLICIT_RETAIN_SELF = YES;
				CLANG_WARN_OBJC_LITERAL_CONVERSION = YES;
				CLANG_WARN_OBJC_ROOT_CLASS = YES_ERROR;
				CLANG_WARN_RANGE_LOOP_ANALYSIS = YES;
				CLANG_WARN_STRICT_PROTOTYPES = YES;
				CLANG_WARN_SUSPICIOUS_MOVE = YES;
				CLANG_WARN_UNGUARDED_AVAILABILITY = YES_AGGRESSIVE;
				CLANG_WARN_UNREACHABLE_CODE = YES;
				CLANG_WARN__DUPLICATE_METHOD_MATCH = YES;
				CODE_SIGN_IDENTITY = "iPhone Developer";
				COPY_PHASE_STRIP = NO;
				DEBUG_INFORMATION_FORMAT = "dwarf-with-dsym";
				ENABLE_NS_ASSERTIONS = NO;
				ENABLE_STRICT_OBJC_MSGSEND = YES;
				GCC_C_LANGUAGE_STANDARD = gnu11;
				GCC_NO_COMMON_BLOCKS = YES;
				GCC_WARN_64_TO_32_BIT_CONVERSION = YES;
				GCC_WARN_ABOUT_RETURN_TYPE = YES_ERROR;
				GCC_WARN_UNDECLARED_SELECTOR = YES;
				GCC_WARN_UNINITIALIZED_AUTOS = YES_AGGRESSIVE;
				GCC_WARN_UNUSED_FUNCTION = YES;
				GCC_WARN_UNUSED_VARIABLE = YES;
				IPHONEOS_DEPLOYMENT_TARGET = 11.4;
				MTL_ENABLE_DEBUG_INFO = NO;
				SDKROOT = iphoneos;
				VALIDATE_PRODUCT = YES;
			};
			name = Release;
		};
		CFBADDBB21F8176700DFDE08 /* Debug */ = {
			isa = XCBuildConfiguration;
			buildSettings = {
				ASSETCATALOG_COMPILER_APPICON_NAME = AppIcon;
				CODE_SIGN_STYLE = Automatic;
				INFOPLIST_FILE = xsyDemo/Info.plist;
				LD_RUNPATH_SEARCH_PATHS = (
					"$(inherited)",
					"@executable_path/Frameworks",
				);
				PRODUCT_BUNDLE_IDENTIFIER = xiangShiYu.xsyDemo;
				PRODUCT_NAME = "$(TARGET_NAME)";
				TARGETED_DEVICE_FAMILY = "1,2";
			};
			name = Debug;
		};
		CFBADDBC21F8176700DFDE08 /* Release */ = {
			isa = XCBuildConfiguration;
			buildSettings = {
				ASSETCATALOG_COMPILER_APPICON_NAME = AppIcon;
				CODE_SIGN_STYLE = Automatic;
				INFOPLIST_FILE = xsyDemo/Info.plist;
				LD_RUNPATH_SEARCH_PATHS = (
					"$(inherited)",
					"@executable_path/Frameworks",
				);
				PRODUCT_BUNDLE_IDENTIFIER = xiangShiYu.xsyDemo;
				PRODUCT_NAME = "$(TARGET_NAME)";
				TARGETED_DEVICE_FAMILY = "1,2";
			};
			name = Release;
		};
/* End XCBuildConfiguration section */

/* Begin XCConfigurationList section */
		CFBADD9F21F8176700DFDE08 /* Build configuration list for PBXProject "xsyDemo" */ = {
			isa = XCConfigurationList;
			buildConfigurations = (
				CFBADDB821F8176700DFDE08 /* Debug */,
				CFBADDB921F8176700DFDE08 /* Release */,
			);
			defaultConfigurationIsVisible = 0;
			defaultConfigurationName = Release;
		};
		CFBADDBA21F8176700DFDE08 /* Build configuration list for PBXNativeTarget "xsyDemo" */ = {
			isa = XCConfigurationList;
			buildConfigurations = (
				CFBADDBB21F8176700DFDE08 /* Debug */,
				CFBADDBC21F8176700DFDE08 /* Release */,
			);
			defaultConfigurationIsVisible = 0;
			defaultConfigurationName = Release;
		};
/* End XCConfigurationList section */
	};
	rootObject = CFBADD9C21F8176700DFDE08 /* Project object */;
}
